// !$*UTF8*$!
{
	archiveVersion = 1;
	classes = {
	};
	objectVersion = 50;
	objects = {

/* Begin PBXBuildFile section */
		2844BEC420DC13F5004B2638 /* FocusSquare.swift in Sources */ = {isa = PBXBuildFile; fileRef = 2844BEC320DC13F5004B2638 /* FocusSquare.swift */; };
		28747E3920D94A4700A1A029 /* AppDelegate.swift in Sources */ = {isa = PBXBuildFile; fileRef = 28747E3820D94A4700A1A029 /* AppDelegate.swift */; };
		28747E3B20D94A4700A1A029 /* art.scnassets in Resources */ = {isa = PBXBuildFile; fileRef = 28747E3A20D94A4700A1A029 /* art.scnassets */; };
		28747E3D20D94A4700A1A029 /* ViewController.swift in Sources */ = {isa = PBXBuildFile; fileRef = 28747E3C20D94A4700A1A029 /* ViewController.swift */; };
		28747E4020D94A4700A1A029 /* Main.storyboard in Resources */ = {isa = PBXBuildFile; fileRef = 28747E3E20D94A4700A1A029 /* Main.storyboard */; };
		28747E4220D94A4800A1A029 /* Assets.xcassets in Resources */ = {isa = PBXBuildFile; fileRef = 28747E4120D94A4800A1A029 /* Assets.xcassets */; };
		28747E4520D94A4800A1A029 /* LaunchScreen.storyboard in Resources */ = {isa = PBXBuildFile; fileRef = 28747E4320D94A4800A1A029 /* LaunchScreen.storyboard */; };
/* End PBXBuildFile section */

/* Begin PBXFileReference section */
		2844BEC320DC13F5004B2638 /* FocusSquare.swift */ = {isa = PBXFileReference; lastKnownFileType = sourcecode.swift; path = FocusSquare.swift; sourceTree = "<group>"; };
		28747E3520D94A4700A1A029 /* ARSurfaceDetection.app */ = {isa = PBXFileReference; explicitFileType = wrapper.application; includeInIndex = 0; path = ARSurfaceDetection.app; sourceTree = BUILT_PRODUCTS_DIR; };
		28747E3820D94A4700A1A029 /* AppDelegate.swift */ = {isa = PBXFileReference; lastKnownFileType = sourcecode.swift; path = AppDelegate.swift; sourceTree = "<group>"; };
		28747E3A20D94A4700A1A029 /* art.scnassets */ = {isa = PBXFileReference; lastKnownFileType = wrapper.scnassets; path = art.scnassets; sourceTree = "<group>"; };
		28747E3C20D94A4700A1A029 /* ViewController.swift */ = {isa = PBXFileReference; lastKnownFileType = sourcecode.swift; path = ViewController.swift; sourceTree = "<group>"; };
		28747E3F20D94A4700A1A029 /* Base */ = {isa = PBXFileReference; lastKnownFileType = file.storyboard; name = Base; path = Base.lproj/Main.storyboard; sourceTree = "<group>"; };
		28747E4120D94A4800A1A029 /* Assets.xcassets */ = {isa = PBXFileReference; lastKnownFileType = folder.assetcatalog; path = Assets.xcassets; sourceTree = "<group>"; };
		28747E4420D94A4800A1A029 /* Base */ = {isa = PBXFileReference; lastKnownFileType = file.storyboard; name = Base; path = Base.lproj/LaunchScreen.storyboard; sourceTree = "<group>"; };
		28747E4620D94A4800A1A029 /* Info.plist */ = {isa = PBXFileReference; lastKnownFileType = text.plist.xml; path = Info.plist; sourceTree = "<group>"; };
/* End PBXFileReference section */

/* Begin PBXFrameworksBuildPhase section */
		28747E3220D94A4700A1A029 /* Frameworks */ = {
			isa = PBXFrameworksBuildPhase;
			buildActionMask = 2147483647;
			files = (
			);
			runOnlyForDeploymentPostprocessing = 0;
		};
/* End PBXFrameworksBuildPhase section */

/* Begin PBXGroup section */
		2844BEC220DC13BE004B2638 /* Focuse */ = {
			isa = PBXGroup;
			children = (
				2844BEC320DC13F5004B2638 /* FocusSquare.swift */,
			);
			path = Focuse;
			sourceTree = "<group>";
		};
		28747E2C20D94A4700A1A029 = {
			isa = PBXGroup;
			children = (
				28747E3720D94A4700A1A029 /* ARSurfaceDetection */,
				28747E3620D94A4700A1A029 /* Products */,
			);
			sourceTree = "<group>";
		};
		28747E3620D94A4700A1A029 /* Products */ = {
			isa = PBXGroup;
			children = (
				28747E3520D94A4700A1A029 /* ARSurfaceDetection.app */,
			);
			name = Products;
			sourceTree = "<group>";
		};
		28747E3720D94A4700A1A029 /* ARSurfaceDetection */ = {
			isa = PBXGroup;
			children = (
				28747E3820D94A4700A1A029 /* AppDelegate.swift */,
				28747E3A20D94A4700A1A029 /* art.scnassets */,
				28747E3C20D94A4700A1A029 /* ViewController.swift */,
				28747E3E20D94A4700A1A029 /* Main.storyboard */,
				2844BEC220DC13BE004B2638 /* Focuse */,
				28747E4120D94A4800A1A029 /* Assets.xcassets */,
				28747E4320D94A4800A1A029 /* LaunchScreen.storyboard */,
				28747E4620D94A4800A1A029 /* Info.plist */,
			);
			path = ARSurfaceDetection;
			sourceTree = "<group>";
		};
/* End PBXGroup section */

/* Begin PBXNativeTarget section */
		28747E3420D94A4700A1A029 /* ARSurfaceDetection */ = {
			isa = PBXNativeTarget;
			buildConfigurationList = 28747E4920D94A4800A1A029 /* Build configuration list for PBXNativeTarget "ARSurfaceDetection" */;
			buildPhases = (
				28747E3120D94A4700A1A029 /* Sources */,
				28747E3220D94A4700A1A029 /* Frameworks */,
				28747E3320D94A4700A1A029 /* Resources */,
			);
			buildRules = (
			);
			dependencies = (
			);
			name = ARSurfaceDetection;
			productName = ARSurfaceDetection;
			productReference = 28747E3520D94A4700A1A029 /* ARSurfaceDetection.app */;
			productType = "com.apple.product-type.application";
		};
/* End PBXNativeTarget section */

/* Begin PBXProject section */
		28747E2D20D94A4700A1A029 /* Project object */ = {
			isa = PBXProject;
			attributes = {
				LastSwiftUpdateCheck = 0940;
				LastUpgradeCheck = 0940;
				ORGANIZATIONNAME = "Odhrán Daly";
				TargetAttributes = {
					28747E3420D94A4700A1A029 = {
						CreatedOnToolsVersion = 9.4.1;
					};
				};
			};
			buildConfigurationList = 28747E3020D94A4700A1A029 /* Build configuration list for PBXProject "ARSurfaceDetection" */;
			compatibilityVersion = "Xcode 9.3";
			developmentRegion = en;
			hasScannedForEncodings = 0;
			knownRegions = (
				en,
				Base,
			);
			mainGroup = 28747E2C20D94A4700A1A029;
			productRefGroup = 28747E3620D94A4700A1A029 /* Products */;
			projectDirPath = "";
			projectRoot = "";
			targets = (
				28747E3420D94A4700A1A029 /* ARSurfaceDetection */,
			);
		};
/* End PBXProject section */

/* Begin PBXResourcesBuildPhase section */
		28747E3320D94A4700A1A029 /* Resources */ = {
			isa = PBXResourcesBuildPhase;
			buildActionMask = 2147483647;
			files = (
				28747E3B20D94A4700A1A029 /* art.scnassets in Resources */,
				28747E4520D94A4800A1A029 /* LaunchScreen.storyboard in Resources */,
				28747E4220D94A4800A1A029 /* Assets.xcassets in Resources */,
				28747E4020D94A4700A1A029 /* Main.storyboard in Resources */,
			);
			runOnlyForDeploymentPostprocessing = 0;
		};
/* End PBXResourcesBuildPhase section */

/* Begin PBXSourcesBuildPhase section */
		28747E3120D94A4700A1A029 /* Sources */ = {
			isa = PBXSourcesBuildPhase;
			buildActionMask = 2147483647;
			files = (
				28747E3D20D94A4700A1A029 /* ViewController.swift in Sources */,
				2844BEC420DC13F5004B2638 /* FocusSquare.swift in Sources */,
				28747E3920D94A4700A1A029 /* AppDelegate.swift in Sources */,
			);
			runOnlyForDeploymentPostprocessing = 0;
		};
/* End PBXSourcesBuildPhase section */

/* Begin PBXVariantGroup section */
		28747E3E20D94A4700A1A029 /* Main.storyboard */ = {
			isa = PBXVariantGroup;
			children = (
				28747E3F20D94A4700A1A029 /* Base */,
			);
			name = Main.storyboard;
			sourceTree = "<group>";
		};
		28747E4320D94A4800A1A029 /* LaunchScreen.storyboard */ = {
			isa = PBXVariantGroup;
			children = (
				28747E4420D94A4800A1A029 /* Base */,
			);
			name = LaunchScreen.storyboard;
			sourceTree = "<group>";
		};
/* End PBXVariantGroup section */

/* Begin XCBuildConfiguration section */
		28747E4720D94A4800A1A029 /* Debug */ = {
			isa = XCBuildConfiguration;
			buildSettings = {
				ALWAYS_SEARCH_USER_PATHS = NO;
				CLANG_ANALYZER_NONNULL = YES;
				CLANG_ANALYZER_NUMBER_OBJECT_CONVERSION = YES_AGGRESSIVE;
				CLANG_CXX_LANGUAGE_STANDARD = "gnu++14";
				CLANG_CXX_LIBRARY = "libc++";
				CLANG_ENABLE_MODULES = YES;
				CLANG_ENABLE_OBJC_ARC = YES;
				CLANG_ENABLE_OBJC_WEAK = YES;
				CLANG_WARN_BLOCK_CAPTURE_AUTORELEASING = YES;
				CLANG_WARN_BOOL_CONVERSION = YES;
				CLANG_WARN_COMMA = YES;
				CLANG_WARN_CONSTANT_CONVERSION = YES;
				CLANG_WARN_DEPRECATED_OBJC_IMPLEMENTATIONS = YES;
				CLANG_WARN_DIRECT_OBJC_ISA_USAGE = YES_ERROR;
				CLANG_WARN_DOCUMENTATION_COMMENTS = YES;
				CLANG_WARN_EMPTY_BODY = YES;
				CLANG_WARN_ENUM_CONVERSION = YES;
				CLANG_WARN_INFINITE_RECURSION = YES;
				CLANG_WARN_INT_CONVERSION = YES;
				CLANG_WARN_NON_LITERAL_NULL_CONVERSION = YES;
				CLANG_WARN_OBJC_IMPLICIT_RETAIN_SELF = YES;
				CLANG_WARN_OBJC_LITERAL_CONVERSION = YES;
				CLANG_WARN_OBJC_ROOT_CLASS = YES_ERROR;
				CLANG_WARN_RANGE_LOOP_ANALYSIS = YES;
				CLANG_WARN_STRICT_PROTOTYPES = YES;
				CLANG_WARN_SUSPICIOUS_MOVE = YES;
				CLANG_WARN_UNGUARDED_AVAILABILITY = YES_AGGRESSIVE;
				CLANG_WARN_UNREACHABLE_CODE = YES;
				CLANG_WARN__DUPLICATE_METHOD_MATCH = YES;
				CODE_SIGN_IDENTITY = "iPhone Developer";
				COPY_PHASE_STRIP = NO;
				DEBUG_INFORMATION_FORMAT = dwarf;
				ENABLE_STRICT_OBJC_MSGSEND = YES;
				ENABLE_TESTABILITY = YES;
				GCC_C_LANGUAGE_STANDARD = gnu11;
				GCC_DYNAMIC_NO_PIC = NO;
				GCC_NO_COMMON_BLOCKS = YES;
				GCC_OPTIMIZATION_LEVEL = 0;
				GCC_PREPROCESSOR_DEFINITIONS = (
					"DEBUG=1",
					"$(inherited)",
				);
				GCC_WARN_64_TO_32_BIT_CONVERSION = YES;
				GCC_WARN_ABOUT_RETURN_TYPE = YES_ERROR;
				GCC_WARN_UNDECLARED_SELECTOR = YES;
				GCC_WARN_UNINITIALIZED_AUTOS = YES_AGGRESSIVE;
				GCC_WARN_UNUSED_FUNCTION = YES;
				GCC_WARN_UNUSED_VARIABLE = YES;
				IPHONEOS_DEPLOYMENT_TARGET = 11.4;
				MTL_ENABLE_DEBUG_INFO = YES;
				ONLY_ACTIVE_ARCH = YES;
				SDKROOT = iphoneos;
				SWIFT_ACTIVE_COMPILATION_CONDITIONS = DEBUG;
				SWIFT_OPTIMIZATION_LEVEL = "-Onone";
			};
			name = Debug;
		};
		28747E4820D94A4800A1A029 /* Release */ = {
			isa = XCBuildConfiguration;
			buildSettings = {
				ALWAYS_SEARCH_USER_PATHS = NO;
				CLANG_ANALYZER_NONNULL = YES;
				CLANG_ANALYZER_NUMBER_OBJECT_CONVERSION = YES_AGGRESSIVE;
				CLANG_CXX_LANGUAGE_STANDARD = "gnu++14";
				CLANG_CXX_LIBRARY = "libc++";
				CLANG_ENABLE_MODULES = YES;
				CLANG_ENABLE_OBJC_ARC = YES;
				CLANG_ENABLE_OBJC_WEAK = YES;
				CLANG_WARN_BLOCK_CAPTURE_AUTORELEASING = YES;
				CLANG_WARN_BOOL_CONVERSION = YES;
				CLANG_WARN_COMMA = YES;
				CLANG_WARN_CONSTANT_CONVERSION = YES;
				CLANG_WARN_DEPRECATED_OBJC_IMPLEMENTATIONS = YES;
				CLANG_WARN_DIRECT_OBJC_ISA_USAGE = YES_ERROR;
				CLANG_WARN_DOCUMENTATION_COMMENTS = YES;
				CLANG_WARN_EMPTY_BODY = YES;
				CLANG_WARN_ENUM_CONVERSION = YES;
				CLANG_WARN_INFINITE_RECURSION = YES;
				CLANG_WARN_INT_CONVERSION = YES;
				CLANG_WARN_NON_LITERAL_NULL_CONVERSION = YES;
				CLANG_WARN_OBJC_IMPLICIT_RETAIN_SELF = YES;
				CLANG_WARN_OBJC_LITERAL_CONVERSION = YES;
				CLANG_WARN_OBJC_ROOT_CLASS = YES_ERROR;
				CLANG_WARN_RANGE_LOOP_ANALYSIS = YES;
				CLANG_WARN_STRICT_PROTOTYPES = YES;
				CLANG_WARN_SUSPICIOUS_MOVE = YES;
				CLANG_WARN_UNGUARDED_AVAILABILITY = YES_AGGRESSIVE;
				CLANG_WARN_UNREACHABLE_CODE = YES;
				CLANG_WARN__DUPLICATE_METHOD_MATCH = YES;
				CODE_SIGN_IDENTITY = "iPhone Developer";
				COPY_PHASE_STRIP = NO;
				DEBUG_INFORMATION_FORMAT = "dwarf-with-dsym";
				ENABLE_NS_ASSERTIONS = NO;
				ENABLE_STRICT_OBJC_MSGSEND = YES;
				GCC_C_LANGUAGE_STANDARD = gnu11;
				GCC_NO_COMMON_BLOCKS = YES;
				GCC_WARN_64_TO_32_BIT_CONVERSION = YES;
				GCC_WARN_ABOUT_RETURN_TYPE = YES_ERROR;
				GCC_WARN_UNDECLARED_SELECTOR = YES;
				GCC_WARN_UNINITIALIZED_AUTOS = YES_AGGRESSIVE;
				GCC_WARN_UNUSED_FUNCTION = YES;
				GCC_WARN_UNUSED_VARIABLE = YES;
				IPHONEOS_DEPLOYMENT_TARGET = 11.4;
				MTL_ENABLE_DEBUG_INFO = NO;
				SDKROOT = iphoneos;
				SWIFT_COMPILATION_MODE = wholemodule;
				SWIFT_OPTIMIZATION_LEVEL = "-O";
				VALIDATE_PRODUCT = YES;
			};
			name = Release;
		};
		28747E4A20D94A4800A1A029 /* Debug */ = {
			isa = XCBuildConfiguration;
			buildSettings = {
				ASSETCATALOG_COMPILER_APPICON_NAME = AppIcon;
				CODE_SIGN_STYLE = Automatic;
				DEVELOPMENT_TEAM = 7VLD2GRP4W;
				INFOPLIST_FILE = ARSurfaceDetection/Info.plist;
				LD_RUNPATH_SEARCH_PATHS = (
					"$(inherited)",
					"@executable_path/Frameworks",
				);
				PRODUCT_BUNDLE_IDENTIFIER = com.odhrandaly.ARSurfaceDetection;
				PRODUCT_NAME = "$(TARGET_NAME)";
				SWIFT_VERSION = 4.0;
				TARGETED_DEVICE_FAMILY = "1,2";
			};
			name = Debug;
		};
		28747E4B20D94A4800A1A029 /* Release */ = {
			isa = XCBuildConfiguration;
			buildSettings = {
				ASSETCATALOG_COMPILER_APPICON_NAME = AppIcon;
				CODE_SIGN_STYLE = Automatic;
				DEVELOPMENT_TEAM = 7VLD2GRP4W;
				INFOPLIST_FILE = ARSurfaceDetection/Info.plist;
				LD_RUNPATH_SEARCH_PATHS = (
					"$(inherited)",
					"@executable_path/Frameworks",
				);
				PRODUCT_BUNDLE_IDENTIFIER = com.odhrandaly.ARSurfaceDetection;
				PRODUCT_NAME = "$(TARGET_NAME)";
				SWIFT_VERSION = 4.0;
				TARGETED_DEVICE_FAMILY = "1,2";
			};
			name = Release;
		};
/* End XCBuildConfiguration section */

/* Begin XCConfigurationList section */
		28747E3020D94A4700A1A029 /* Build configuration list for PBXProject "ARSurfaceDetection" */ = {
			isa = XCConfigurationList;
			buildConfigurations = (
				28747E4720D94A4800A1A029 /* Debug */,
				28747E4820D94A4800A1A029 /* Release */,
			);
			defaultConfigurationIsVisible = 0;
			defaultConfigurationName = Release;
		};
		28747E4920D94A4800A1A029 /* Build configuration list for PBXNativeTarget "ARSurfaceDetection" */ = {
			isa = XCConfigurationList;
			buildConfigurations = (
				28747E4A20D94A4800A1A029 /* Debug */,
				28747E4B20D94A4800A1A029 /* Release */,
			);
			defaultConfigurationIsVisible = 0;
			defaultConfigurationName = Release;
		};
/* End XCConfigurationList section */
	};
	rootObject = 28747E2D20D94A4700A1A029 /* Project object */;
}
